
Microsoft Visual Studio Solution File, Format Version 12.00
# Visual Studio Version 16
VisualStudioVersion = 16.0.29009.5
MinimumVisualStudioVersion = 10.0.40219.1
Project("{FAE04EC0-301F-11D3-BF4B-00C04F79EFBC}") = "ACM.BL", "ConsoleApp1\ACM.BL.csproj", "{4F3BAC4C-BBD9-42AA-AF4B-7C21C1E80A6D}"
EndProject
Project("{FAE04EC0-301F-11D3-BF4B-00C04F79EFBC}") = "Tests", "Tests\Tests.csproj", "{C035EBAF-CF02-4543-AC27-45492624A42B}"
EndProject
Project("{FAE04EC0-301F-11D3-BF4B-00C04F79EFBC}") = "ACM.Library", "ACM.Library\ACM.Library.csproj", "{5B06B289-104D-49FA-A4A4-096A1E5C2608}"
EndProject
Global
	GlobalSection(SolutionConfigurationPlatforms) = preSolution
		Debug|Any CPU = Debug|Any CPU
		Release|Any CPU = Release|Any CPU
	EndGlobalSection
	GlobalSection(ProjectConfigurationPlatforms) = postSolution
		{4F3BAC4C-BBD9-42AA-AF4B-7C21C1E80A6D}.Debug|Any CPU.ActiveCfg = Debug|Any CPU
		{4F3BAC4C-BBD9-42AA-AF4B-7C21C1E80A6D}.Debug|Any CPU.Build.0 = Debug|Any CPU
		{4F3BAC4C-BBD9-42AA-AF4B-7C21C1E80A6D}.Release|Any CPU.ActiveCfg = Release|Any CPU
		{4F3BAC4C-BBD9-42AA-AF4B-7C21C1E80A6D}.Release|Any CPU.Build.0 = Release|Any CPU
		{C035EBAF-CF02-4543-AC27-45492624A42B}.Debug|Any CPU.ActiveCfg = Debug|Any CPU
		{C035EBAF-CF02-4543-AC27-45492624A42B}.Debug|Any CPU.Build.0 = Debug|Any CPU
		{C035EBAF-CF02-4543-AC27-45492624A42B}.Release|Any CPU.ActiveCfg = Release|Any CPU
		{C035EBAF-CF02-4543-AC27-45492624A42B}.Release|Any CPU.Build.0 = Release|Any CPU
		{5B06B289-104D-49FA-A4A4-096A1E5C2608}.Debug|Any CPU.ActiveCfg = Debug|Any CPU
		{5B06B289-104D-49FA-A4A4-096A1E5C2608}.Debug|Any CPU.Build.0 = Debug|Any CPU
		{5B06B289-104D-49FA-A4A4-096A1E5C2608}.Release|Any CPU.ActiveCfg = Release|Any CPU
		{5B06B289-104D-49FA-A4A4-096A1E5C2608}.Release|Any CPU.Build.0 = Release|Any CPU
	EndGlobalSection
	GlobalSection(SolutionProperties) = preSolution
		HideSolutionNode = FALSE
	EndGlobalSection
	GlobalSection(ExtensibilityGlobals) = postSolution
		SolutionGuid = {A10BC66F-49A7-4491-B4B2-37855C67C04D}
	EndGlobalSection
EndGlobal
